{
  "name": "@sparrowmini/sparrow-bpm",
  "version": "0.0.3",
  "lockfileVersion": 2,
  "requires": true,
  "packages": {
    "": {
      "name": "@sparrowmini/sparrow-bpm",
      "version": "0.0.3",
      "dependencies": {
        "ngx-bootstrap": "^10.3.0",
        "tslib": "^2.3.0"
      },
      "devDependencies": {
        "@types/prismjs": "^1.26.3"
      },
      "peerDependencies": {
        "@angular/animations": "^13.4.0",
        "@angular/cdk": "^13.3.9",
        "@angular/common": "^13.3.0",
        "@angular/compiler": "^13.4.0",
        "@angular/core": "^13.4.0",
        "@angular/elements": "^13.4.0",
        "@angular/forms": "^13.4.0",
        "@angular/material": "^13.3.9",
        "@angular/platform-browser": "^13.0.0",
        "@angular/platform-browser-dynamic": "^13.4.0",
        "@formio/angular": "^6.5.0",
        "@sparrowmini/form-api": "^0.0.1",
        "@sparrowmini/jbpm-api": "^0.0.1",
        "@sparrowmini/sparrow-keycloak-admin-api": "^0.0.2",
        "formiojs": "^4.19.0",
        "prismjs": "^1.29.0",
        "rxjs": "^7.8.1"
      }
    },
    "node_modules/@types/prismjs": {
      "version": "1.26.3",
      "resolved": "https://registry.npmjs.org/@types/prismjs/-/prismjs-1.26.3.tgz",
      "integrity": "sha512-A0D0aTXvjlqJ5ZILMz3rNfDBOx9hHxLZYv2by47Sm/pqW35zzjusrZTryatjN/Rf8Us2gZrJD+KeHbUSTux1Cw==",
      "dev": true
    },
    "node_modules/ngx-bootstrap": {
      "version": "10.3.0",
      "resolved": "https://registry.npmjs.org/ngx-bootstrap/-/ngx-bootstrap-10.3.0.tgz",
      "integrity": "sha512-Ok9umbq4tqJSXMy/5/+2VZJHcwj7hD3a3x2KkF1A+f0e70BARY8rfr9QKjGgvywWNyZMf0Z5PvE1WEeEiMvCkA==",
      "dependencies": {
        "tslib": "^2.3.0"
      },
      "peerDependencies": {
        "@angular/animations": "^15.0.0",
        "@angular/common": "^15.0.0",
        "@angular/core": "^15.0.0",
        "@angular/forms": "^15.0.0",
        "rxjs": "^6.5.3 || ^7.6.0"
      }
    },
    "node_modules/tslib": {
      "version": "2.6.2",
      "resolved": "https://registry.npmjs.org/tslib/-/tslib-2.6.2.tgz",
      "integrity": "sha512-AEYxH93jGFPn/a2iVAwW87VuUIkR1FVUKB77NwMF7nBTDkDrrT/Hpt/IrCJ0QXhW27jTBDcf5ZY7w6RiqTMw2Q=="
    }
  },
  "dependencies": {
    "@types/prismjs": {
      "version": "1.26.3",
      "resolved": "https://registry.npmjs.org/@types/prismjs/-/prismjs-1.26.3.tgz",
      "integrity": "sha512-A0D0aTXvjlqJ5ZILMz3rNfDBOx9hHxLZYv2by47Sm/pqW35zzjusrZTryatjN/Rf8Us2gZrJD+KeHbUSTux1Cw==",
      "dev": true
    },
    "ngx-bootstrap": {
      "version": "10.3.0",
      "resolved": "https://registry.npmjs.org/ngx-bootstrap/-/ngx-bootstrap-10.3.0.tgz",
      "integrity": "sha512-Ok9umbq4tqJSXMy/5/+2VZJHcwj7hD3a3x2KkF1A+f0e70BARY8rfr9QKjGgvywWNyZMf0Z5PvE1WEeEiMvCkA==",
      "requires": {
        "tslib": "^2.3.0"
      }
    },
    "tslib": {
      "version": "2.6.2",
      "resolved": "https://registry.npmjs.org/tslib/-/tslib-2.6.2.tgz",
      "integrity": "sha512-AEYxH93jGFPn/a2iVAwW87VuUIkR1FVUKB77NwMF7nBTDkDrrT/Hpt/IrCJ0QXhW27jTBDcf5ZY7w6RiqTMw2Q=="
    }
  }
}
